
Microsoft Visual Studio Solution File, Format Version 12.00
# Visual Studio Version 17
VisualStudioVersion = 17.3.32811.315
MinimumVisualStudioVersion = 10.0.40219.1
Project("{9A19103F-16F7-4668-BE54-9A1E7A4F7556}") = "DataAccess", "DataAccess\DataAccess.csproj", "{75C3A581-37A2-4517-A877-0B6F44B27046}"
EndProject
Project("{9A19103F-16F7-4668-BE54-9A1E7A4F7556}") = "Business", "Business\Business.csproj", "{A28352F8-837A-40BE-83B2-D92A715CA126}"
EndProject
Project("{9A19103F-16F7-4668-BE54-9A1E7A4F7556}") = "Entities", "Entities\Entities.csproj", "{B2AEB515-7D07-4ABE-B710-026A20D72EDA}"
EndProject
Project("{9A19103F-16F7-4668-BE54-9A1E7A4F7556}") = "ConsoleUI", "ConsoleUI\ConsoleUI.csproj", "{E5EF27A3-7B96-44E9-BBAF-07AEC1AF60BC}"
EndProject
Project("{FAE04EC0-301F-11D3-BF4B-00C04F79EFBC}") = "Core", "Core\Core.csproj", "{63527921-FD78-4492-B60A-5DE5FE38D63A}"
EndProject
Global
	GlobalSection(SolutionConfigurationPlatforms) = preSolution
		Debug|Any CPU = Debug|Any CPU
		Release|Any CPU = Release|Any CPU
	EndGlobalSection
	GlobalSection(ProjectConfigurationPlatforms) = postSolution
		{75C3A581-37A2-4517-A877-0B6F44B27046}.Debug|Any CPU.ActiveCfg = Debug|Any CPU
		{75C3A581-37A2-4517-A877-0B6F44B27046}.Debug|Any CPU.Build.0 = Debug|Any CPU
		{75C3A581-37A2-4517-A877-0B6F44B27046}.Release|Any CPU.ActiveCfg = Release|Any CPU
		{75C3A581-37A2-4517-A877-0B6F44B27046}.Release|Any CPU.Build.0 = Release|Any CPU
		{A28352F8-837A-40BE-83B2-D92A715CA126}.Debug|Any CPU.ActiveCfg = Debug|Any CPU
		{A28352F8-837A-40BE-83B2-D92A715CA126}.Debug|Any CPU.Build.0 = Debug|Any CPU
		{A28352F8-837A-40BE-83B2-D92A715CA126}.Release|Any CPU.ActiveCfg = Release|Any CPU
		{A28352F8-837A-40BE-83B2-D92A715CA126}.Release|Any CPU.Build.0 = Release|Any CPU
		{B2AEB515-7D07-4ABE-B710-026A20D72EDA}.Debug|Any CPU.ActiveCfg = Debug|Any CPU
		{B2AEB515-7D07-4ABE-B710-026A20D72EDA}.Debug|Any CPU.Build.0 = Debug|Any CPU
		{B2AEB515-7D07-4ABE-B710-026A20D72EDA}.Release|Any CPU.ActiveCfg = Release|Any CPU
		{B2AEB515-7D07-4ABE-B710-026A20D72EDA}.Release|Any CPU.Build.0 = Release|Any CPU
		{E5EF27A3-7B96-44E9-BBAF-07AEC1AF60BC}.Debug|Any CPU.ActiveCfg = Debug|Any CPU
		{E5EF27A3-7B96-44E9-BBAF-07AEC1AF60BC}.Debug|Any CPU.Build.0 = Debug|Any CPU
		{E5EF27A3-7B96-44E9-BBAF-07AEC1AF60BC}.Release|Any CPU.ActiveCfg = Release|Any CPU
		{E5EF27A3-7B96-44E9-BBAF-07AEC1AF60BC}.Release|Any CPU.Build.0 = Release|Any CPU
		{63527921-FD78-4492-B60A-5DE5FE38D63A}.Debug|Any CPU.ActiveCfg = Debug|Any CPU
		{63527921-FD78-4492-B60A-5DE5FE38D63A}.Debug|Any CPU.Build.0 = Debug|Any CPU
		{63527921-FD78-4492-B60A-5DE5FE38D63A}.Release|Any CPU.ActiveCfg = Release|Any CPU
		{63527921-FD78-4492-B60A-5DE5FE38D63A}.Release|Any CPU.Build.0 = Release|Any CPU
	EndGlobalSection
	GlobalSection(SolutionProperties) = preSolution
		HideSolutionNode = FALSE
	EndGlobalSection
	GlobalSection(ExtensibilityGlobals) = postSolution
		SolutionGuid = {312C83D2-9BD7-48C4-9131-49856B3B6E38}
	EndGlobalSection
EndGlobal
